
Microsoft Visual Studio Solution File, Format Version 12.00
# Visual Studio 15
VisualStudioVersion = 15.0.28307.438
MinimumVisualStudioVersion = 10.0.40219.1
Project("{FAE04EC0-301F-11D3-BF4B-00C04F79EFBC}") = "Nerob.Shared", "Nerob.Shared\Nerob.Shared.csproj", "{3CC21C0B-2715-42A5-9773-14836DFBB0B7}"
EndProject
Project("{FAE04EC0-301F-11D3-BF4B-00C04F79EFBC}") = "Nerob.Client.Desktop", "Nerob.Client.Desktop\Nerob.Client.Desktop.csproj", "{47A41EF5-817C-4E7F-89B1-87CE6D5EE9A5}"
EndProject
Project("{FAE04EC0-301F-11D3-BF4B-00C04F79EFBC}") = "Nerob.Client.Controls", "Nerob.Client.Controls\Nerob.Client.Controls.csproj", "{18B5998D-433E-4CDB-A328-240A2A9D2BED}"
EndProject
Global
	GlobalSection(SolutionConfigurationPlatforms) = preSolution
		Debug|Any CPU = Debug|Any CPU
		Release|Any CPU = Release|Any CPU
	EndGlobalSection
	GlobalSection(ProjectConfigurationPlatforms) = postSolution
		{3CC21C0B-2715-42A5-9773-14836DFBB0B7}.Debug|Any CPU.ActiveCfg = Debug|Any CPU
		{3CC21C0B-2715-42A5-9773-14836DFBB0B7}.Debug|Any CPU.Build.0 = Debug|Any CPU
		{3CC21C0B-2715-42A5-9773-14836DFBB0B7}.Release|Any CPU.ActiveCfg = Release|Any CPU
		{3CC21C0B-2715-42A5-9773-14836DFBB0B7}.Release|Any CPU.Build.0 = Release|Any CPU
		{47A41EF5-817C-4E7F-89B1-87CE6D5EE9A5}.Debug|Any CPU.ActiveCfg = Debug|Any CPU
		{47A41EF5-817C-4E7F-89B1-87CE6D5EE9A5}.Debug|Any CPU.Build.0 = Debug|Any CPU
		{47A41EF5-817C-4E7F-89B1-87CE6D5EE9A5}.Release|Any CPU.ActiveCfg = Release|Any CPU
		{47A41EF5-817C-4E7F-89B1-87CE6D5EE9A5}.Release|Any CPU.Build.0 = Release|Any CPU
		{18B5998D-433E-4CDB-A328-240A2A9D2BED}.Debug|Any CPU.ActiveCfg = Debug|Any CPU
		{18B5998D-433E-4CDB-A328-240A2A9D2BED}.Debug|Any CPU.Build.0 = Debug|Any CPU
		{18B5998D-433E-4CDB-A328-240A2A9D2BED}.Release|Any CPU.ActiveCfg = Release|Any CPU
		{18B5998D-433E-4CDB-A328-240A2A9D2BED}.Release|Any CPU.Build.0 = Release|Any CPU
	EndGlobalSection
	GlobalSection(SolutionProperties) = preSolution
		HideSolutionNode = FALSE
	EndGlobalSection
	GlobalSection(ExtensibilityGlobals) = postSolution
		SolutionGuid = {85F57D45-0D85-4C87-90DC-5DD2A9529AD4}
	EndGlobalSection
EndGlobal
