
Microsoft Visual Studio Solution File, Format Version 12.00
# Visual Studio 15
VisualStudioVersion = 15.0.28307.438
MinimumVisualStudioVersion = 10.0.40219.1
Project("{FAE04EC0-301F-11D3-BF4B-00C04F79EFBC}") = "Nerob.Shared", "Nerob.Shared\Nerob.Shared.csproj", "{3CC21C0B-2715-42A5-9773-14836DFBB0B7}"
EndProject
Project("{FAE04EC0-301F-11D3-BF4B-00C04F79EFBC}") = "Nerob.Client.Controls", "Nerob.Client.Controls\Nerob.Client.Controls.csproj", "{18B5998D-433E-4CDB-A328-240A2A9D2BED}"
EndProject
Project("{FAE04EC0-301F-11D3-BF4B-00C04F79EFBC}") = "Nerob.Client.ConsoleApp", "Nerob.Client.ConsoleApp\Nerob.Client.ConsoleApp.csproj", "{6726889D-CB48-41C6-9CB1-B7ACE23EE30D}"
EndProject
Project("{FAE04EC0-301F-11D3-BF4B-00C04F79EFBC}") = "Nerob.Client.Modules", "Nerob.Client.Modules\Nerob.Client.Modules.csproj", "{329C6EFF-9493-425A-9AD0-1DBB3DC0DF9A}"
EndProject
Project("{FAE04EC0-301F-11D3-BF4B-00C04F79EFBC}") = "Nerob.Client.Desktop", "Nerob.Client.Desktop\Nerob.Client.Desktop.csproj", "{8866DAF4-2862-463B-BBC8-318ADEF1D87A}"
EndProject
Project("{FAE04EC0-301F-11D3-BF4B-00C04F79EFBC}") = "Nerob.Domain", "Nerob.Domain\Nerob.Domain.csproj", "{0DD9D973-62F7-4ECB-9AC5-C3A8AA7BD031}"
EndProject
Project("{FAE04EC0-301F-11D3-BF4B-00C04F79EFBC}") = "Nerob.Client.Shared", "Nerob.Client.Shared\Nerob.Client.Shared.csproj", "{F61DE32B-CAD1-4BD4-9213-043D31D0BF06}"
EndProject
Global
	GlobalSection(SolutionConfigurationPlatforms) = preSolution
		Debug|Any CPU = Debug|Any CPU
		Release|Any CPU = Release|Any CPU
	EndGlobalSection
	GlobalSection(ProjectConfigurationPlatforms) = postSolution
		{3CC21C0B-2715-42A5-9773-14836DFBB0B7}.Debug|Any CPU.ActiveCfg = Debug|Any CPU
		{3CC21C0B-2715-42A5-9773-14836DFBB0B7}.Debug|Any CPU.Build.0 = Debug|Any CPU
		{3CC21C0B-2715-42A5-9773-14836DFBB0B7}.Release|Any CPU.ActiveCfg = Release|Any CPU
		{3CC21C0B-2715-42A5-9773-14836DFBB0B7}.Release|Any CPU.Build.0 = Release|Any CPU
		{18B5998D-433E-4CDB-A328-240A2A9D2BED}.Debug|Any CPU.ActiveCfg = Debug|Any CPU
		{18B5998D-433E-4CDB-A328-240A2A9D2BED}.Debug|Any CPU.Build.0 = Debug|Any CPU
		{18B5998D-433E-4CDB-A328-240A2A9D2BED}.Release|Any CPU.ActiveCfg = Release|Any CPU
		{18B5998D-433E-4CDB-A328-240A2A9D2BED}.Release|Any CPU.Build.0 = Release|Any CPU
		{6726889D-CB48-41C6-9CB1-B7ACE23EE30D}.Debug|Any CPU.ActiveCfg = Debug|Any CPU
		{6726889D-CB48-41C6-9CB1-B7ACE23EE30D}.Debug|Any CPU.Build.0 = Debug|Any CPU
		{6726889D-CB48-41C6-9CB1-B7ACE23EE30D}.Release|Any CPU.ActiveCfg = Release|Any CPU
		{6726889D-CB48-41C6-9CB1-B7ACE23EE30D}.Release|Any CPU.Build.0 = Release|Any CPU
		{329C6EFF-9493-425A-9AD0-1DBB3DC0DF9A}.Debug|Any CPU.ActiveCfg = Debug|Any CPU
		{329C6EFF-9493-425A-9AD0-1DBB3DC0DF9A}.Debug|Any CPU.Build.0 = Debug|Any CPU
		{329C6EFF-9493-425A-9AD0-1DBB3DC0DF9A}.Release|Any CPU.ActiveCfg = Release|Any CPU
		{329C6EFF-9493-425A-9AD0-1DBB3DC0DF9A}.Release|Any CPU.Build.0 = Release|Any CPU
		{8866DAF4-2862-463B-BBC8-318ADEF1D87A}.Debug|Any CPU.ActiveCfg = Debug|Any CPU
		{8866DAF4-2862-463B-BBC8-318ADEF1D87A}.Debug|Any CPU.Build.0 = Debug|Any CPU
		{8866DAF4-2862-463B-BBC8-318ADEF1D87A}.Release|Any CPU.ActiveCfg = Release|Any CPU
		{8866DAF4-2862-463B-BBC8-318ADEF1D87A}.Release|Any CPU.Build.0 = Release|Any CPU
		{0DD9D973-62F7-4ECB-9AC5-C3A8AA7BD031}.Debug|Any CPU.ActiveCfg = Debug|Any CPU
		{0DD9D973-62F7-4ECB-9AC5-C3A8AA7BD031}.Debug|Any CPU.Build.0 = Debug|Any CPU
		{0DD9D973-62F7-4ECB-9AC5-C3A8AA7BD031}.Release|Any CPU.ActiveCfg = Release|Any CPU
		{0DD9D973-62F7-4ECB-9AC5-C3A8AA7BD031}.Release|Any CPU.Build.0 = Release|Any CPU
		{F61DE32B-CAD1-4BD4-9213-043D31D0BF06}.Debug|Any CPU.ActiveCfg = Debug|Any CPU
		{F61DE32B-CAD1-4BD4-9213-043D31D0BF06}.Debug|Any CPU.Build.0 = Debug|Any CPU
		{F61DE32B-CAD1-4BD4-9213-043D31D0BF06}.Release|Any CPU.ActiveCfg = Release|Any CPU
		{F61DE32B-CAD1-4BD4-9213-043D31D0BF06}.Release|Any CPU.Build.0 = Release|Any CPU
	EndGlobalSection
	GlobalSection(SolutionProperties) = preSolution
		HideSolutionNode = FALSE
	EndGlobalSection
	GlobalSection(ExtensibilityGlobals) = postSolution
		SolutionGuid = {85F57D45-0D85-4C87-90DC-5DD2A9529AD4}
	EndGlobalSection
EndGlobal
